
Microsoft Visual Studio Solution File, Format Version 12.00
# Visual Studio Version 16
VisualStudioVersion = 16.0.29709.97
MinimumVisualStudioVersion = 10.0.40219.1
Project("{9A19103F-16F7-4668-BE54-9A1E7A4F7556}") = "PanzerElite.ModelLoader", "PanzerEliteModelLoaderCSharp\PanzerElite.ModelLoader.csproj", "{01ED97DE-2652-4288-A9A0-799A5B902FA9}"
EndProject
Project("{FAE04EC0-301F-11D3-BF4B-00C04F79EFBC}") = "PanzerElite.TextureLoader", "PanzerEliteTextureLoader\PanzerElite.TextureLoader.csproj", "{9C68DCE1-ADFA-4749-9E5C-9B44854B8A99}"
EndProject
Project("{FAE04EC0-301F-11D3-BF4B-00C04F79EFBC}") = "PanzerElite.Classes", "PanzerElite.Models\PanzerElite.Classes.csproj", "{D1186E72-AC81-48CE-9DAA-3BA5B9AE90BD}"
EndProject
Project("{FAE04EC0-301F-11D3-BF4B-00C04F79EFBC}") = "PanzerElite.Extensions", "PanzerElite.Extensions\PanzerElite.Extensions.csproj", "{086EE849-637C-490E-9601-A45C16AEBE5B}"
EndProject
Global
	GlobalSection(SolutionConfigurationPlatforms) = preSolution
		Debug|Any CPU = Debug|Any CPU
		Release|Any CPU = Release|Any CPU
	EndGlobalSection
	GlobalSection(ProjectConfigurationPlatforms) = postSolution
		{01ED97DE-2652-4288-A9A0-799A5B902FA9}.Debug|Any CPU.ActiveCfg = Debug|Any CPU
		{01ED97DE-2652-4288-A9A0-799A5B902FA9}.Debug|Any CPU.Build.0 = Debug|Any CPU
		{01ED97DE-2652-4288-A9A0-799A5B902FA9}.Release|Any CPU.ActiveCfg = Release|Any CPU
		{01ED97DE-2652-4288-A9A0-799A5B902FA9}.Release|Any CPU.Build.0 = Release|Any CPU
		{9C68DCE1-ADFA-4749-9E5C-9B44854B8A99}.Debug|Any CPU.ActiveCfg = Debug|Any CPU
		{9C68DCE1-ADFA-4749-9E5C-9B44854B8A99}.Debug|Any CPU.Build.0 = Debug|Any CPU
		{9C68DCE1-ADFA-4749-9E5C-9B44854B8A99}.Release|Any CPU.ActiveCfg = Release|Any CPU
		{9C68DCE1-ADFA-4749-9E5C-9B44854B8A99}.Release|Any CPU.Build.0 = Release|Any CPU
		{D1186E72-AC81-48CE-9DAA-3BA5B9AE90BD}.Debug|Any CPU.ActiveCfg = Debug|Any CPU
		{D1186E72-AC81-48CE-9DAA-3BA5B9AE90BD}.Debug|Any CPU.Build.0 = Debug|Any CPU
		{D1186E72-AC81-48CE-9DAA-3BA5B9AE90BD}.Release|Any CPU.ActiveCfg = Release|Any CPU
		{D1186E72-AC81-48CE-9DAA-3BA5B9AE90BD}.Release|Any CPU.Build.0 = Release|Any CPU
		{086EE849-637C-490E-9601-A45C16AEBE5B}.Debug|Any CPU.ActiveCfg = Debug|Any CPU
		{086EE849-637C-490E-9601-A45C16AEBE5B}.Debug|Any CPU.Build.0 = Debug|Any CPU
		{086EE849-637C-490E-9601-A45C16AEBE5B}.Release|Any CPU.ActiveCfg = Release|Any CPU
		{086EE849-637C-490E-9601-A45C16AEBE5B}.Release|Any CPU.Build.0 = Release|Any CPU
	EndGlobalSection
	GlobalSection(SolutionProperties) = preSolution
		HideSolutionNode = FALSE
	EndGlobalSection
	GlobalSection(ExtensibilityGlobals) = postSolution
		SolutionGuid = {1504DB58-CB91-47DD-B88C-F732F6DE52FE}
	EndGlobalSection
EndGlobal
